
Microsoft Visual Studio Solution File, Format Version 12.00
# Visual Studio Version 17
VisualStudioVersion = 17.5.33627.172
MinimumVisualStudioVersion = 10.0.40219.1
Project("{9A19103F-16F7-4668-BE54-9A1E7A4F7556}") = "Aufgabe 2022-01-11 (Rekursion) Größter gemeinsamer Teiler", "Aufgabe 2022-01-11 (Rekursion) Größter gemeinsamer Teiler.csproj", "{F8FFE93D-4682-4148-BF33-C5204805C793}"
EndProject
Global
	GlobalSection(SolutionConfigurationPlatforms) = preSolution
		Debug|Any CPU = Debug|Any CPU
		Release|Any CPU = Release|Any CPU
	EndGlobalSection
	GlobalSection(ProjectConfigurationPlatforms) = postSolution
		{F8FFE93D-4682-4148-BF33-C5204805C793}.Debug|Any CPU.ActiveCfg = Debug|Any CPU
		{F8FFE93D-4682-4148-BF33-C5204805C793}.Debug|Any CPU.Build.0 = Debug|Any CPU
		{F8FFE93D-4682-4148-BF33-C5204805C793}.Release|Any CPU.ActiveCfg = Release|Any CPU
		{F8FFE93D-4682-4148-BF33-C5204805C793}.Release|Any CPU.Build.0 = Release|Any CPU
	EndGlobalSection
	GlobalSection(SolutionProperties) = preSolution
		HideSolutionNode = FALSE
	EndGlobalSection
	GlobalSection(ExtensibilityGlobals) = postSolution
		SolutionGuid = {27AE868D-AD64-4D08-9D7C-1B3195C16DD1}
	EndGlobalSection
EndGlobal
